# THIS IS AN AUTOGENERATED FILE. DO NOT EDIT THIS FILE DIRECTLY.
# yarn lockfile v1


goss_pause@^1.0.1:
  version "1.0.1"
  resolved "https://registry.yarnpkg.com/goss_pause/-/goss_pause-1.0.1.tgz#efdbe66a5618943f0764bbdb3e2339fd3b309a39"
  integrity sha512-LmrdsUkI+emu4bys3uWG1+06iSpPIF6Bh+W/EHGQbciLpkdJmo+7iSsesUMQE9U0WrDNhDIf75y6V6Na03aBVw==
